# This file is autogenerated, do not edit; changes may be undone by the next 'dep ensure'.


[[projects]]
  branch = "master"
  name = "github.com/fabianlee/go-myutil"
  packages = ["myutil"]
  revision = "af392f7b1bb3daffae938bdfaa0fce376d892fae"

[solve-meta]
  analyzer-name = "dep"
  analyzer-version = 1
  inputs-digest = "529799019fd629e324e9aa87ccd4fbd2a6aa9236369f1cde1598c88ecefb743d"
  solver-name = "gps-cdcl"
  solver-version = 1
